// !$*UTF8*$!
{
	archiveVersion = 1;
	classes = {
	};
	objectVersion = 51;
	objects = {

/* Begin PBXBuildFile section */
		26DCC6A7BCD8BC1A95AA7C5C /* Pods_Parstagram_ParstagramUITests.framework in Frameworks */ = {isa = PBXBuildFile; fileRef = E9A3427552913CB77173A99C /* Pods_Parstagram_ParstagramUITests.framework */; };
		50160E6825425E4400B408C4 /* PostCell.swift in Sources */ = {isa = PBXBuildFile; fileRef = 50160E6725425E4400B408C4 /* PostCell.swift */; };
		505048A625423D4000D327D5 /* CameraViewController.swift in Sources */ = {isa = PBXBuildFile; fileRef = 505048A525423D4000D327D5 /* CameraViewController.swift */; };
		50C2644F25417B3D003B8E58 /* LoginViewController.swift in Sources */ = {isa = PBXBuildFile; fileRef = 50C2644E25417B3D003B8E58 /* LoginViewController.swift */; };
		50C2645425417B51003B8E58 /* FeedViewController.swift in Sources */ = {isa = PBXBuildFile; fileRef = 50C2645325417B51003B8E58 /* FeedViewController.swift */; };
		50EE1ECA254177FA00CDA631 /* AppDelegate.swift in Sources */ = {isa = PBXBuildFile; fileRef = 50EE1EC9254177FA00CDA631 /* AppDelegate.swift */; };
		50EE1ECC254177FA00CDA631 /* SceneDelegate.swift in Sources */ = {isa = PBXBuildFile; fileRef = 50EE1ECB254177FA00CDA631 /* SceneDelegate.swift */; };
		50EE1ED1254177FA00CDA631 /* Main.storyboard in Resources */ = {isa = PBXBuildFile; fileRef = 50EE1ECF254177FA00CDA631 /* Main.storyboard */; };
		50EE1ED3254177FD00CDA631 /* Assets.xcassets in Resources */ = {isa = PBXBuildFile; fileRef = 50EE1ED2254177FD00CDA631 /* Assets.xcassets */; };
		50EE1ED6254177FD00CDA631 /* LaunchScreen.storyboard in Resources */ = {isa = PBXBuildFile; fileRef = 50EE1ED4254177FD00CDA631 /* LaunchScreen.storyboard */; };
		50EE1EE1254177FD00CDA631 /* ParstagramTests.swift in Sources */ = {isa = PBXBuildFile; fileRef = 50EE1EE0254177FD00CDA631 /* ParstagramTests.swift */; };
		50EE1EEC254177FD00CDA631 /* ParstagramUITests.swift in Sources */ = {isa = PBXBuildFile; fileRef = 50EE1EEB254177FD00CDA631 /* ParstagramUITests.swift */; };
		8BCF0805FAF0F8419EA3E0C4 /* Pods_Parstagram.framework in Frameworks */ = {isa = PBXBuildFile; fileRef = 612EA49654350DF841973175 /* Pods_Parstagram.framework */; };
		F523E90775E6E56B8DFDD6AA /* Pods_ParstagramTests.framework in Frameworks */ = {isa = PBXBuildFile; fileRef = D5BA046B392F67C5B1956DC5 /* Pods_ParstagramTests.framework */; };
/* End PBXBuildFile section */

/* Begin PBXContainerItemProxy section */
		50EE1EDD254177FD00CDA631 /* PBXContainerItemProxy */ = {
			isa = PBXContainerItemProxy;
			containerPortal = 50EE1EBE254177FA00CDA631 /* Project object */;
			proxyType = 1;
			remoteGlobalIDString = 50EE1EC5254177FA00CDA631;
			remoteInfo = Parstagram;
		};
		50EE1EE8254177FD00CDA631 /* PBXContainerItemProxy */ = {
			isa = PBXContainerItemProxy;
			containerPortal = 50EE1EBE254177FA00CDA631 /* Project object */;
			proxyType = 1;
			remoteGlobalIDString = 50EE1EC5254177FA00CDA631;
			remoteInfo = Parstagram;
		};
/* End PBXContainerItemProxy section */

/* Begin PBXFileReference section */
		15A075B5DBAB5BB8D4B1CD89 /* Pods-Parstagram.release.xcconfig */ = {isa = PBXFileReference; includeInIndex = 1; lastKnownFileType = text.xcconfig; name = "Pods-Parstagram.release.xcconfig"; path = "Target Support Files/Pods-Parstagram/Pods-Parstagram.release.xcconfig"; sourceTree = "<group>"; };
		50160E6725425E4400B408C4 /* PostCell.swift */ = {isa = PBXFileReference; lastKnownFileType = sourcecode.swift; path = PostCell.swift; sourceTree = "<group>"; };
		505048A525423D4000D327D5 /* CameraViewController.swift */ = {isa = PBXFileReference; lastKnownFileType = sourcecode.swift; path = CameraViewController.swift; sourceTree = "<group>"; };
		50C2644E25417B3D003B8E58 /* LoginViewController.swift */ = {isa = PBXFileReference; lastKnownFileType = sourcecode.swift; path = LoginViewController.swift; sourceTree = "<group>"; };
		50C2645325417B51003B8E58 /* FeedViewController.swift */ = {isa = PBXFileReference; lastKnownFileType = sourcecode.swift; path = FeedViewController.swift; sourceTree = "<group>"; };
		50EE1EC6254177FA00CDA631 /* Parstagram.app */ = {isa = PBXFileReference; explicitFileType = wrapper.application; includeInIndex = 0; path = Parstagram.app; sourceTree = BUILT_PRODUCTS_DIR; };
		50EE1EC9254177FA00CDA631 /* AppDelegate.swift */ = {isa = PBXFileReference; lastKnownFileType = sourcecode.swift; path = AppDelegate.swift; sourceTree = "<group>"; };
		50EE1ECB254177FA00CDA631 /* SceneDelegate.swift */ = {isa = PBXFileReference; lastKnownFileType = sourcecode.swift; path = SceneDelegate.swift; sourceTree = "<group>"; };
		50EE1ED0254177FA00CDA631 /* Base */ = {isa = PBXFileReference; lastKnownFileType = file.storyboard; name = Base; path = Base.lproj/Main.storyboard; sourceTree = "<group>"; };
		50EE1ED2254177FD00CDA631 /* Assets.xcassets */ = {isa = PBXFileReference; lastKnownFileType = folder.assetcatalog; path = Assets.xcassets; sourceTree = "<group>"; };
		50EE1ED5254177FD00CDA631 /* Base */ = {isa = PBXFileReference; lastKnownFileType = file.storyboard; name = Base; path = Base.lproj/LaunchScreen.storyboard; sourceTree = "<group>"; };
		50EE1ED7254177FD00CDA631 /* Info.plist */ = {isa = PBXFileReference; lastKnownFileType = text.plist.xml; path = Info.plist; sourceTree = "<group>"; };
		50EE1EDC254177FD00CDA631 /* ParstagramTests.xctest */ = {isa = PBXFileReference; explicitFileType = wrapper.cfbundle; includeInIndex = 0; path = ParstagramTests.xctest; sourceTree = BUILT_PRODUCTS_DIR; };
		50EE1EE0254177FD00CDA631 /* ParstagramTests.swift */ = {isa = PBXFileReference; lastKnownFileType = sourcecode.swift; path = ParstagramTests.swift; sourceTree = "<group>"; };
		50EE1EE2254177FD00CDA631 /* Info.plist */ = {isa = PBXFileReference; lastKnownFileType = text.plist.xml; path = Info.plist; sourceTree = "<group>"; };
		50EE1EE7254177FD00CDA631 /* ParstagramUITests.xctest */ = {isa = PBXFileReference; explicitFileType = wrapper.cfbundle; includeInIndex = 0; path = ParstagramUITests.xctest; sourceTree = BUILT_PRODUCTS_DIR; };
		50EE1EEB254177FD00CDA631 /* ParstagramUITests.swift */ = {isa = PBXFileReference; lastKnownFileType = sourcecode.swift; path = ParstagramUITests.swift; sourceTree = "<group>"; };
		50EE1EED254177FD00CDA631 /* Info.plist */ = {isa = PBXFileReference; lastKnownFileType = text.plist.xml; path = Info.plist; sourceTree = "<group>"; };
		612EA49654350DF841973175 /* Pods_Parstagram.framework */ = {isa = PBXFileReference; explicitFileType = wrapper.framework; includeInIndex = 0; path = Pods_Parstagram.framework; sourceTree = BUILT_PRODUCTS_DIR; };
		7E6F349EBB50E1EEF927A24C /* Pods-Parstagram-ParstagramUITests.release.xcconfig */ = {isa = PBXFileReference; includeInIndex = 1; lastKnownFileType = text.xcconfig; name = "Pods-Parstagram-ParstagramUITests.release.xcconfig"; path = "Target Support Files/Pods-Parstagram-ParstagramUITests/Pods-Parstagram-ParstagramUITests.release.xcconfig"; sourceTree = "<group>"; };
		9C9A36E75BD3842A57593B04 /* Pods-Parstagram.debug.xcconfig */ = {isa = PBXFileReference; includeInIndex = 1; lastKnownFileType = text.xcconfig; name = "Pods-Parstagram.debug.xcconfig"; path = "Target Support Files/Pods-Parstagram/Pods-Parstagram.debug.xcconfig"; sourceTree = "<group>"; };
		B4902270C976960B83BD4B23 /* Pods-ParstagramTests.release.xcconfig */ = {isa = PBXFileReference; includeInIndex = 1; lastKnownFileType = text.xcconfig; name = "Pods-ParstagramTests.release.xcconfig"; path = "Target Support Files/Pods-ParstagramTests/Pods-ParstagramTests.release.xcconfig"; sourceTree = "<group>"; };
		CC0F44B67A02A34C074960FD /* Pods-Parstagram-ParstagramUITests.debug.xcconfig */ = {isa = PBXFileReference; includeInIndex = 1; lastKnownFileType = text.xcconfig; name = "Pods-Parstagram-ParstagramUITests.debug.xcconfig"; path = "Target Support Files/Pods-Parstagram-ParstagramUITests/Pods-Parstagram-ParstagramUITests.debug.xcconfig"; sourceTree = "<group>"; };
		D5BA046B392F67C5B1956DC5 /* Pods_ParstagramTests.framework */ = {isa = PBXFileReference; explicitFileType = wrapper.framework; includeInIndex = 0; path = Pods_ParstagramTests.framework; sourceTree = BUILT_PRODUCTS_DIR; };
		E9A3427552913CB77173A99C /* Pods_Parstagram_ParstagramUITests.framework */ = {isa = PBXFileReference; explicitFileType = wrapper.framework; includeInIndex = 0; path = Pods_Parstagram_ParstagramUITests.framework; sourceTree = BUILT_PRODUCTS_DIR; };
		F3F22D6C4EDB6FDC5019EC21 /* Pods-ParstagramTests.debug.xcconfig */ = {isa = PBXFileReference; includeInIndex = 1; lastKnownFileType = text.xcconfig; name = "Pods-ParstagramTests.debug.xcconfig"; path = "Target Support Files/Pods-ParstagramTests/Pods-ParstagramTests.debug.xcconfig"; sourceTree = "<group>"; };
/* End PBXFileReference section */

/* Begin PBXFrameworksBuildPhase section */
		50EE1EC3254177FA00CDA631 /* Frameworks */ = {
			isa = PBXFrameworksBuildPhase;
			buildActionMask = 2147483647;
			files = (
				8BCF0805FAF0F8419EA3E0C4 /* Pods_Parstagram.framework in Frameworks */,
			);
			runOnlyForDeploymentPostprocessing = 0;
		};
		50EE1ED9254177FD00CDA631 /* Frameworks */ = {
			isa = PBXFrameworksBuildPhase;
			buildActionMask = 2147483647;
			files = (
				F523E90775E6E56B8DFDD6AA /* Pods_ParstagramTests.framework in Frameworks */,
			);
			runOnlyForDeploymentPostprocessing = 0;
		};
		50EE1EE4254177FD00CDA631 /* Frameworks */ = {
			isa = PBXFrameworksBuildPhase;
			buildActionMask = 2147483647;
			files = (
				26DCC6A7BCD8BC1A95AA7C5C /* Pods_Parstagram_ParstagramUITests.framework in Frameworks */,
			);
			runOnlyForDeploymentPostprocessing = 0;
		};
/* End PBXFrameworksBuildPhase section */

/* Begin PBXGroup section */
		4BE50D9F7DB0E89C3257F7AE /* Pods */ = {
			isa = PBXGroup;
			children = (
				9C9A36E75BD3842A57593B04 /* Pods-Parstagram.debug.xcconfig */,
				15A075B5DBAB5BB8D4B1CD89 /* Pods-Parstagram.release.xcconfig */,
				CC0F44B67A02A34C074960FD /* Pods-Parstagram-ParstagramUITests.debug.xcconfig */,
				7E6F349EBB50E1EEF927A24C /* Pods-Parstagram-ParstagramUITests.release.xcconfig */,
				F3F22D6C4EDB6FDC5019EC21 /* Pods-ParstagramTests.debug.xcconfig */,
				B4902270C976960B83BD4B23 /* Pods-ParstagramTests.release.xcconfig */,
			);
			path = Pods;
			sourceTree = "<group>";
		};
		50EE1EBD254177FA00CDA631 = {
			isa = PBXGroup;
			children = (
				50EE1EC8254177FA00CDA631 /* Parstagram */,
				50EE1EDF254177FD00CDA631 /* ParstagramTests */,
				50EE1EEA254177FD00CDA631 /* ParstagramUITests */,
				50EE1EC7254177FA00CDA631 /* Products */,
				4BE50D9F7DB0E89C3257F7AE /* Pods */,
				7BB59BFF7676FA3FC6CBF418 /* Frameworks */,
			);
			sourceTree = "<group>";
		};
		50EE1EC7254177FA00CDA631 /* Products */ = {
			isa = PBXGroup;
			children = (
				50EE1EC6254177FA00CDA631 /* Parstagram.app */,
				50EE1EDC254177FD00CDA631 /* ParstagramTests.xctest */,
				50EE1EE7254177FD00CDA631 /* ParstagramUITests.xctest */,
			);
			name = Products;
			sourceTree = "<group>";
		};
		50EE1EC8254177FA00CDA631 /* Parstagram */ = {
			isa = PBXGroup;
			children = (
				50EE1EC9254177FA00CDA631 /* AppDelegate.swift */,
				50EE1ECB254177FA00CDA631 /* SceneDelegate.swift */,
				50EE1ECF254177FA00CDA631 /* Main.storyboard */,
				50EE1ED2254177FD00CDA631 /* Assets.xcassets */,
				50EE1ED4254177FD00CDA631 /* LaunchScreen.storyboard */,
				50EE1ED7254177FD00CDA631 /* Info.plist */,
				50C2644E25417B3D003B8E58 /* LoginViewController.swift */,
				50C2645325417B51003B8E58 /* FeedViewController.swift */,
				505048A525423D4000D327D5 /* CameraViewController.swift */,
				50160E6725425E4400B408C4 /* PostCell.swift */,
			);
			path = Parstagram;
			sourceTree = "<group>";
		};
		50EE1EDF254177FD00CDA631 /* ParstagramTests */ = {
			isa = PBXGroup;
			children = (
				50EE1EE0254177FD00CDA631 /* ParstagramTests.swift */,
				50EE1EE2254177FD00CDA631 /* Info.plist */,
			);
			path = ParstagramTests;
			sourceTree = "<group>";
		};
		50EE1EEA254177FD00CDA631 /* ParstagramUITests */ = {
			isa = PBXGroup;
			children = (
				50EE1EEB254177FD00CDA631 /* ParstagramUITests.swift */,
				50EE1EED254177FD00CDA631 /* Info.plist */,
			);
			path = ParstagramUITests;
			sourceTree = "<group>";
		};
		7BB59BFF7676FA3FC6CBF418 /* Frameworks */ = {
			isa = PBXGroup;
			children = (
				612EA49654350DF841973175 /* Pods_Parstagram.framework */,
				E9A3427552913CB77173A99C /* Pods_Parstagram_ParstagramUITests.framework */,
				D5BA046B392F67C5B1956DC5 /* Pods_ParstagramTests.framework */,
			);
			name = Frameworks;
			sourceTree = "<group>";
		};
/* End PBXGroup section */

/* Begin PBXNativeTarget section */
		50EE1EC5254177FA00CDA631 /* Parstagram */ = {
			isa = PBXNativeTarget;
			buildConfigurationList = 50EE1EF0254177FD00CDA631 /* Build configuration list for PBXNativeTarget "Parstagram" */;
			buildPhases = (
				C668BE5D0DDF71BBECB71220 /* [CP] Check Pods Manifest.lock */,
				50EE1EC2254177FA00CDA631 /* Sources */,
				50EE1EC3254177FA00CDA631 /* Frameworks */,
				50EE1EC4254177FA00CDA631 /* Resources */,
				6BE136500CEC1138D407406D /* [CP] Embed Pods Frameworks */,
			);
			buildRules = (
			);
			dependencies = (
			);
			name = Parstagram;
			productName = Parstagram;
			productReference = 50EE1EC6254177FA00CDA631 /* Parstagram.app */;
			productType = "com.apple.product-type.application";
		};
		50EE1EDB254177FD00CDA631 /* ParstagramTests */ = {
			isa = PBXNativeTarget;
			buildConfigurationList = 50EE1EF3254177FD00CDA631 /* Build configuration list for PBXNativeTarget "ParstagramTests" */;
			buildPhases = (
				9B61B19CE7979EA7128CB7F3 /* [CP] Check Pods Manifest.lock */,
				50EE1ED8254177FD00CDA631 /* Sources */,
				50EE1ED9254177FD00CDA631 /* Frameworks */,
				50EE1EDA254177FD00CDA631 /* Resources */,
			);
			buildRules = (
			);
			dependencies = (
				50EE1EDE254177FD00CDA631 /* PBXTargetDependency */,
			);
			name = ParstagramTests;
			productName = ParstagramTests;
			productReference = 50EE1EDC254177FD00CDA631 /* ParstagramTests.xctest */;
			productType = "com.apple.product-type.bundle.unit-test";
		};
		50EE1EE6254177FD00CDA631 /* ParstagramUITests */ = {
			isa = PBXNativeTarget;
			buildConfigurationList = 50EE1EF6254177FD00CDA631 /* Build configuration list for PBXNativeTarget "ParstagramUITests" */;
			buildPhases = (
				B69184B2423F87F13226B2EC /* [CP] Check Pods Manifest.lock */,
				50EE1EE3254177FD00CDA631 /* Sources */,
				50EE1EE4254177FD00CDA631 /* Frameworks */,
				50EE1EE5254177FD00CDA631 /* Resources */,
				675C74BF9B0B6844B222574C /* [CP] Embed Pods Frameworks */,
			);
			buildRules = (
			);
			dependencies = (
				50EE1EE9254177FD00CDA631 /* PBXTargetDependency */,
			);
			name = ParstagramUITests;
			productName = ParstagramUITests;
			productReference = 50EE1EE7254177FD00CDA631 /* ParstagramUITests.xctest */;
			productType = "com.apple.product-type.bundle.ui-testing";
		};
/* End PBXNativeTarget section */

/* Begin PBXProject section */
		50EE1EBE254177FA00CDA631 /* Project object */ = {
			isa = PBXProject;
			attributes = {
				LastSwiftUpdateCheck = 1200;
				LastUpgradeCheck = 1200;
				TargetAttributes = {
					50EE1EC5254177FA00CDA631 = {
						CreatedOnToolsVersion = 12.0.1;
					};
					50EE1EDB254177FD00CDA631 = {
						CreatedOnToolsVersion = 12.0.1;
						TestTargetID = 50EE1EC5254177FA00CDA631;
					};
					50EE1EE6254177FD00CDA631 = {
						CreatedOnToolsVersion = 12.0.1;
						TestTargetID = 50EE1EC5254177FA00CDA631;
					};
				};
			};
			buildConfigurationList = 50EE1EC1254177FA00CDA631 /* Build configuration list for PBXProject "Parstagram" */;
			compatibilityVersion = "Xcode 9.3";
			developmentRegion = en;
			hasScannedForEncodings = 0;
			knownRegions = (
				en,
				Base,
			);
			mainGroup = 50EE1EBD254177FA00CDA631;
			productRefGroup = 50EE1EC7254177FA00CDA631 /* Products */;
			projectDirPath = "";
			projectRoot = "";
			targets = (
				50EE1EC5254177FA00CDA631 /* Parstagram */,
				50EE1EDB254177FD00CDA631 /* ParstagramTests */,
				50EE1EE6254177FD00CDA631 /* ParstagramUITests */,
			);
		};
/* End PBXProject section */

/* Begin PBXResourcesBuildPhase section */
		50EE1EC4254177FA00CDA631 /* Resources */ = {
			isa = PBXResourcesBuildPhase;
			buildActionMask = 2147483647;
			files = (
				50EE1ED6254177FD00CDA631 /* LaunchScreen.storyboard in Resources */,
				50EE1ED3254177FD00CDA631 /* Assets.xcassets in Resources */,
				50EE1ED1254177FA00CDA631 /* Main.storyboard in Resources */,
			);
			runOnlyForDeploymentPostprocessing = 0;
		};
		50EE1EDA254177FD00CDA631 /* Resources */ = {
			isa = PBXResourcesBuildPhase;
			buildActionMask = 2147483647;
			files = (
			);
			runOnlyForDeploymentPostprocessing = 0;
		};
		50EE1EE5254177FD00CDA631 /* Resources */ = {
			isa = PBXResourcesBuildPhase;
			buildActionMask = 2147483647;
			files = (
			);
			runOnlyForDeploymentPostprocessing = 0;
		};
/* End PBXResourcesBuildPhase section */

/* Begin PBXShellScriptBuildPhase section */
		675C74BF9B0B6844B222574C /* [CP] Embed Pods Frameworks */ = {
			isa = PBXShellScriptBuildPhase;
			buildActionMask = 2147483647;
			files = (
			);
			inputFileListPaths = (
				"${PODS_ROOT}/Target Support Files/Pods-Parstagram-ParstagramUITests/Pods-Parstagram-ParstagramUITests-frameworks-${CONFIGURATION}-input-files.xcfilelist",
			);
			name = "[CP] Embed Pods Frameworks";
			outputFileListPaths = (
				"${PODS_ROOT}/Target Support Files/Pods-Parstagram-ParstagramUITests/Pods-Parstagram-ParstagramUITests-frameworks-${CONFIGURATION}-output-files.xcfilelist",
			);
			runOnlyForDeploymentPostprocessing = 0;
			shellPath = /bin/sh;
			shellScript = "\"${PODS_ROOT}/Target Support Files/Pods-Parstagram-ParstagramUITests/Pods-Parstagram-ParstagramUITests-frameworks.sh\"\n";
			showEnvVarsInLog = 0;
		};
		6BE136500CEC1138D407406D /* [CP] Embed Pods Frameworks */ = {
			isa = PBXShellScriptBuildPhase;
			buildActionMask = 2147483647;
			files = (
			);
			inputFileListPaths = (
				"${PODS_ROOT}/Target Support Files/Pods-Parstagram/Pods-Parstagram-frameworks-${CONFIGURATION}-input-files.xcfilelist",
			);
			name = "[CP] Embed Pods Frameworks";
			outputFileListPaths = (
				"${PODS_ROOT}/Target Support Files/Pods-Parstagram/Pods-Parstagram-frameworks-${CONFIGURATION}-output-files.xcfilelist",
			);
			runOnlyForDeploymentPostprocessing = 0;
			shellPath = /bin/sh;
			shellScript = "\"${PODS_ROOT}/Target Support Files/Pods-Parstagram/Pods-Parstagram-frameworks.sh\"\n";
			showEnvVarsInLog = 0;
		};
		9B61B19CE7979EA7128CB7F3 /* [CP] Check Pods Manifest.lock */ = {
			isa = PBXShellScriptBuildPhase;
			buildActionMask = 2147483647;
			files = (
			);
			inputFileListPaths = (
			);
			inputPaths = (
				"${PODS_PODFILE_DIR_PATH}/Podfile.lock",
				"${PODS_ROOT}/Manifest.lock",
			);
			name = "[CP] Check Pods Manifest.lock";
			outputFileListPaths = (
			);
			outputPaths = (
				"$(DERIVED_FILE_DIR)/Pods-ParstagramTests-checkManifestLockResult.txt",
			);
			runOnlyForDeploymentPostprocessing = 0;
			shellPath = /bin/sh;
			shellScript = "diff \"${PODS_PODFILE_DIR_PATH}/Podfile.lock\" \"${PODS_ROOT}/Manifest.lock\" > /dev/null\nif [ $? != 0 ] ; then\n    # print error to STDERR\n    echo \"error: The sandbox is not in sync with the Podfile.lock. Run 'pod install' or update your CocoaPods installation.\" >&2\n    exit 1\nfi\n# This output is used by Xcode 'outputs' to avoid re-running this script phase.\necho \"SUCCESS\" > \"${SCRIPT_OUTPUT_FILE_0}\"\n";
			showEnvVarsInLog = 0;
		};
		B69184B2423F87F13226B2EC /* [CP] Check Pods Manifest.lock */ = {
			isa = PBXShellScriptBuildPhase;
			buildActionMask = 2147483647;
			files = (
			);
			inputFileListPaths = (
			);
			inputPaths = (
				"${PODS_PODFILE_DIR_PATH}/Podfile.lock",
				"${PODS_ROOT}/Manifest.lock",
			);
			name = "[CP] Check Pods Manifest.lock";
			outputFileListPaths = (
			);
			outputPaths = (
				"$(DERIVED_FILE_DIR)/Pods-Parstagram-ParstagramUITests-checkManifestLockResult.txt",
			);
			runOnlyForDeploymentPostprocessing = 0;
			shellPath = /bin/sh;
			shellScript = "diff \"${PODS_PODFILE_DIR_PATH}/Podfile.lock\" \"${PODS_ROOT}/Manifest.lock\" > /dev/null\nif [ $? != 0 ] ; then\n    # print error to STDERR\n    echo \"error: The sandbox is not in sync with the Podfile.lock. Run 'pod install' or update your CocoaPods installation.\" >&2\n    exit 1\nfi\n# This output is used by Xcode 'outputs' to avoid re-running this script phase.\necho \"SUCCESS\" > \"${SCRIPT_OUTPUT_FILE_0}\"\n";
			showEnvVarsInLog = 0;
		};
		C668BE5D0DDF71BBECB71220 /* [CP] Check Pods Manifest.lock */ = {
			isa = PBXShellScriptBuildPhase;
			buildActionMask = 2147483647;
			files = (
			);
			inputFileListPaths = (
			);
			inputPaths = (
				"${PODS_PODFILE_DIR_PATH}/Podfile.lock",
				"${PODS_ROOT}/Manifest.lock",
			);
			name = "[CP] Check Pods Manifest.lock";
			outputFileListPaths = (
			);
			outputPaths = (
				"$(DERIVED_FILE_DIR)/Pods-Parstagram-checkManifestLockResult.txt",
			);
			runOnlyForDeploymentPostprocessing = 0;
			shellPath = /bin/sh;
			shellScript = "diff \"${PODS_PODFILE_DIR_PATH}/Podfile.lock\" \"${PODS_ROOT}/Manifest.lock\" > /dev/null\nif [ $? != 0 ] ; then\n    # print error to STDERR\n    echo \"error: The sandbox is not in sync with the Podfile.lock. Run 'pod install' or update your CocoaPods installation.\" >&2\n    exit 1\nfi\n# This output is used by Xcode 'outputs' to avoid re-running this script phase.\necho \"SUCCESS\" > \"${SCRIPT_OUTPUT_FILE_0}\"\n";
			showEnvVarsInLog = 0;
		};
/* End PBXShellScriptBuildPhase section */

/* Begin PBXSourcesBuildPhase section */
		50EE1EC2254177FA00CDA631 /* Sources */ = {
			isa = PBXSourcesBuildPhase;
			buildActionMask = 2147483647;
			files = (
				50C2644F25417B3D003B8E58 /* LoginViewController.swift in Sources */,
				505048A625423D4000D327D5 /* CameraViewController.swift in Sources */,
				50EE1ECA254177FA00CDA631 /* AppDelegate.swift in Sources */,
				50C2645425417B51003B8E58 /* FeedViewController.swift in Sources */,
				50EE1ECC254177FA00CDA631 /* SceneDelegate.swift in Sources */,
				50160E6825425E4400B408C4 /* PostCell.swift in Sources */,
			);
			runOnlyForDeploymentPostprocessing = 0;
		};
		50EE1ED8254177FD00CDA631 /* Sources */ = {
			isa = PBXSourcesBuildPhase;
			buildActionMask = 2147483647;
			files = (
				50EE1EE1254177FD00CDA631 /* ParstagramTests.swift in Sources */,
			);
			runOnlyForDeploymentPostprocessing = 0;
		};
		50EE1EE3254177FD00CDA631 /* Sources */ = {
			isa = PBXSourcesBuildPhase;
			buildActionMask = 2147483647;
			files = (
				50EE1EEC254177FD00CDA631 /* ParstagramUITests.swift in Sources */,
			);
			runOnlyForDeploymentPostprocessing = 0;
		};
/* End PBXSourcesBuildPhase section */

/* Begin PBXTargetDependency section */
		50EE1EDE254177FD00CDA631 /* PBXTargetDependency */ = {
			isa = PBXTargetDependency;
			target = 50EE1EC5254177FA00CDA631 /* Parstagram */;
			targetProxy = 50EE1EDD254177FD00CDA631 /* PBXContainerItemProxy */;
		};
		50EE1EE9254177FD00CDA631 /* PBXTargetDependency */ = {
			isa = PBXTargetDependency;
			target = 50EE1EC5254177FA00CDA631 /* Parstagram */;
			targetProxy = 50EE1EE8254177FD00CDA631 /* PBXContainerItemProxy */;
		};
/* End PBXTargetDependency section */

/* Begin PBXVariantGroup section */
		50EE1ECF254177FA00CDA631 /* Main.storyboard */ = {
			isa = PBXVariantGroup;
			children = (
				50EE1ED0254177FA00CDA631 /* Base */,
			);
			name = Main.storyboard;
			sourceTree = "<group>";
		};
		50EE1ED4254177FD00CDA631 /* LaunchScreen.storyboard */ = {
			isa = PBXVariantGroup;
			children = (
				50EE1ED5254177FD00CDA631 /* Base */,
			);
			name = LaunchScreen.storyboard;
			sourceTree = "<group>";
		};
/* End PBXVariantGroup section */

/* Begin XCBuildConfiguration section */
		50EE1EEE254177FD00CDA631 /* Debug */ = {
			isa = XCBuildConfiguration;
			buildSettings = {
				ALWAYS_SEARCH_USER_PATHS = NO;
				CLANG_ANALYZER_NONNULL = YES;
				CLANG_ANALYZER_NUMBER_OBJECT_CONVERSION = YES_AGGRESSIVE;
				CLANG_CXX_LANGUAGE_STANDARD = "gnu++14";
				CLANG_CXX_LIBRARY = "libc++";
				CLANG_ENABLE_MODULES = YES;
				CLANG_ENABLE_OBJC_ARC = YES;
				CLANG_ENABLE_OBJC_WEAK = YES;
				CLANG_WARN_BLOCK_CAPTURE_AUTORELEASING = YES;
				CLANG_WARN_BOOL_CONVERSION = YES;
				CLANG_WARN_COMMA = YES;
				CLANG_WARN_CONSTANT_CONVERSION = YES;
				CLANG_WARN_DEPRECATED_OBJC_IMPLEMENTATIONS = YES;
				CLANG_WARN_DIRECT_OBJC_ISA_USAGE = YES_ERROR;
				CLANG_WARN_DOCUMENTATION_COMMENTS = YES;
				CLANG_WARN_EMPTY_BODY = YES;
				CLANG_WARN_ENUM_CONVERSION = YES;
				CLANG_WARN_INFINITE_RECURSION = YES;
				CLANG_WARN_INT_CONVERSION = YES;
				CLANG_WARN_NON_LITERAL_NULL_CONVERSION = YES;
				CLANG_WARN_OBJC_IMPLICIT_RETAIN_SELF = YES;
				CLANG_WARN_OBJC_LITERAL_CONVERSION = YES;
				CLANG_WARN_OBJC_ROOT_CLASS = YES_ERROR;
				CLANG_WARN_QUOTED_INCLUDE_IN_FRAMEWORK_HEADER = YES;
				CLANG_WARN_RANGE_LOOP_ANALYSIS = YES;
				CLANG_WARN_STRICT_PROTOTYPES = YES;
				CLANG_WARN_SUSPICIOUS_MOVE = YES;
				CLANG_WARN_UNGUARDED_AVAILABILITY = YES_AGGRESSIVE;
				CLANG_WARN_UNREACHABLE_CODE = YES;
				CLANG_WARN__DUPLICATE_METHOD_MATCH = YES;
				COPY_PHASE_STRIP = NO;
				DEBUG_INFORMATION_FORMAT = dwarf;
				ENABLE_STRICT_OBJC_MSGSEND = YES;
				ENABLE_TESTABILITY = YES;
				GCC_C_LANGUAGE_STANDARD = gnu11;
				GCC_DYNAMIC_NO_PIC = NO;
				GCC_NO_COMMON_BLOCKS = YES;
				GCC_OPTIMIZATION_LEVEL = 0;
				GCC_PREPROCESSOR_DEFINITIONS = (
					"DEBUG=1",
					"$(inherited)",
				);
				GCC_WARN_64_TO_32_BIT_CONVERSION = YES;
				GCC_WARN_ABOUT_RETURN_TYPE = YES_ERROR;
				GCC_WARN_UNDECLARED_SELECTOR = YES;
				GCC_WARN_UNINITIALIZED_AUTOS = YES_AGGRESSIVE;
				GCC_WARN_UNUSED_FUNCTION = YES;
				GCC_WARN_UNUSED_VARIABLE = YES;
				IPHONEOS_DEPLOYMENT_TARGET = 14.0;
				MTL_ENABLE_DEBUG_INFO = INCLUDE_SOURCE;
				MTL_FAST_MATH = YES;
				ONLY_ACTIVE_ARCH = YES;
				SDKROOT = iphoneos;
				SWIFT_ACTIVE_COMPILATION_CONDITIONS = DEBUG;
				SWIFT_OPTIMIZATION_LEVEL = "-Onone";
			};
			name = Debug;
		};
		50EE1EEF254177FD00CDA631 /* Release */ = {
			isa = XCBuildConfiguration;
			buildSettings = {
				ALWAYS_SEARCH_USER_PATHS = NO;
				CLANG_ANALYZER_NONNULL = YES;
				CLANG_ANALYZER_NUMBER_OBJECT_CONVERSION = YES_AGGRESSIVE;
				CLANG_CXX_LANGUAGE_STANDARD = "gnu++14";
				CLANG_CXX_LIBRARY = "libc++";
				CLANG_ENABLE_MODULES = YES;
				CLANG_ENABLE_OBJC_ARC = YES;
				CLANG_ENABLE_OBJC_WEAK = YES;
				CLANG_WARN_BLOCK_CAPTURE_AUTORELEASING = YES;
				CLANG_WARN_BOOL_CONVERSION = YES;
				CLANG_WARN_COMMA = YES;
				CLANG_WARN_CONSTANT_CONVERSION = YES;
				CLANG_WARN_DEPRECATED_OBJC_IMPLEMENTATIONS = YES;
				CLANG_WARN_DIRECT_OBJC_ISA_USAGE = YES_ERROR;
				CLANG_WARN_DOCUMENTATION_COMMENTS = YES;
				CLANG_WARN_EMPTY_BODY = YES;
				CLANG_WARN_ENUM_CONVERSION = YES;
				CLANG_WARN_INFINITE_RECURSION = YES;
				CLANG_WARN_INT_CONVERSION = YES;
				CLANG_WARN_NON_LITERAL_NULL_CONVERSION = YES;
				CLANG_WARN_OBJC_IMPLICIT_RETAIN_SELF = YES;
				CLANG_WARN_OBJC_LITERAL_CONVERSION = YES;
				CLANG_WARN_OBJC_ROOT_CLASS = YES_ERROR;
				CLANG_WARN_QUOTED_INCLUDE_IN_FRAMEWORK_HEADER = YES;
				CLANG_WARN_RANGE_LOOP_ANALYSIS = YES;
				CLANG_WARN_STRICT_PROTOTYPES = YES;
				CLANG_WARN_SUSPICIOUS_MOVE = YES;
				CLANG_WARN_UNGUARDED_AVAILABILITY = YES_AGGRESSIVE;
				CLANG_WARN_UNREACHABLE_CODE = YES;
				CLANG_WARN__DUPLICATE_METHOD_MATCH = YES;
				COPY_PHASE_STRIP = NO;
				DEBUG_INFORMATION_FORMAT = "dwarf-with-dsym";
				ENABLE_NS_ASSERTIONS = NO;
				ENABLE_STRICT_OBJC_MSGSEND = YES;
				GCC_C_LANGUAGE_STANDARD = gnu11;
				GCC_NO_COMMON_BLOCKS = YES;
				GCC_WARN_64_TO_32_BIT_CONVERSION = YES;
				GCC_WARN_ABOUT_RETURN_TYPE = YES_ERROR;
				GCC_WARN_UNDECLARED_SELECTOR = YES;
				GCC_WARN_UNINITIALIZED_AUTOS = YES_AGGRESSIVE;
				GCC_WARN_UNUSED_FUNCTION = YES;
				GCC_WARN_UNUSED_VARIABLE = YES;
				IPHONEOS_DEPLOYMENT_TARGET = 14.0;
				MTL_ENABLE_DEBUG_INFO = NO;
				MTL_FAST_MATH = YES;
				SDKROOT = iphoneos;
				SWIFT_COMPILATION_MODE = wholemodule;
				SWIFT_OPTIMIZATION_LEVEL = "-O";
				VALIDATE_PRODUCT = YES;
			};
			name = Release;
		};
		50EE1EF1254177FD00CDA631 /* Debug */ = {
			isa = XCBuildConfiguration;
			baseConfigurationReference = 9C9A36E75BD3842A57593B04 /* Pods-Parstagram.debug.xcconfig */;
			buildSettings = {
				ASSETCATALOG_COMPILER_APPICON_NAME = AppIcon;
				ASSETCATALOG_COMPILER_GLOBAL_ACCENT_COLOR_NAME = AccentColor;
				CODE_SIGN_STYLE = Automatic;
				INFOPLIST_FILE = Parstagram/Info.plist;
				LD_RUNPATH_SEARCH_PATHS = (
					"$(inherited)",
					"@executable_path/Frameworks",
				);
				PRODUCT_BUNDLE_IDENTIFIER = com.wizard.Parstagram;
				PRODUCT_NAME = "$(TARGET_NAME)";
				SWIFT_VERSION = 5.0;
				TARGETED_DEVICE_FAMILY = "1,2";
			};
			name = Debug;
		};
		50EE1EF2254177FD00CDA631 /* Release */ = {
			isa = XCBuildConfiguration;
			baseConfigurationReference = 15A075B5DBAB5BB8D4B1CD89 /* Pods-Parstagram.release.xcconfig */;
			buildSettings = {
				ASSETCATALOG_COMPILER_APPICON_NAME = AppIcon;
				ASSETCATALOG_COMPILER_GLOBAL_ACCENT_COLOR_NAME = AccentColor;
				CODE_SIGN_STYLE = Automatic;
				INFOPLIST_FILE = Parstagram/Info.plist;
				LD_RUNPATH_SEARCH_PATHS = (
					"$(inherited)",
					"@executable_path/Frameworks",
				);
				PRODUCT_BUNDLE_IDENTIFIER = com.wizard.Parstagram;
				PRODUCT_NAME = "$(TARGET_NAME)";
				SWIFT_VERSION = 5.0;
				TARGETED_DEVICE_FAMILY = "1,2";
			};
			name = Release;
		};
		50EE1EF4254177FD00CDA631 /* Debug */ = {
			isa = XCBuildConfiguration;
			baseConfigurationReference = F3F22D6C4EDB6FDC5019EC21 /* Pods-ParstagramTests.debug.xcconfig */;
			buildSettings = {
				ALWAYS_EMBED_SWIFT_STANDARD_LIBRARIES = YES;
				BUNDLE_LOADER = "$(TEST_HOST)";
				CODE_SIGN_STYLE = Automatic;
				INFOPLIST_FILE = ParstagramTests/Info.plist;
				IPHONEOS_DEPLOYMENT_TARGET = 14.0;
				LD_RUNPATH_SEARCH_PATHS = (
					"$(inherited)",
					"@executable_path/Frameworks",
					"@loader_path/Frameworks",
				);
				PRODUCT_BUNDLE_IDENTIFIER = com.wizard.ParstagramTests;
				PRODUCT_NAME = "$(TARGET_NAME)";
				SWIFT_VERSION = 5.0;
				TARGETED_DEVICE_FAMILY = "1,2";
				TEST_HOST = "$(BUILT_PRODUCTS_DIR)/Parstagram.app/Parstagram";
			};
			name = Debug;
		};
		50EE1EF5254177FD00CDA631 /* Release */ = {
			isa = XCBuildConfiguration;
			baseConfigurationReference = B4902270C976960B83BD4B23 /* Pods-ParstagramTests.release.xcconfig */;
			buildSettings = {
				ALWAYS_EMBED_SWIFT_STANDARD_LIBRARIES = YES;
				BUNDLE_LOADER = "$(TEST_HOST)";
				CODE_SIGN_STYLE = Automatic;
				INFOPLIST_FILE = ParstagramTests/Info.plist;
				IPHONEOS_DEPLOYMENT_TARGET = 14.0;
				LD_RUNPATH_SEARCH_PATHS = (
					"$(inherited)",
					"@executable_path/Frameworks",
					"@loader_path/Frameworks",
				);
				PRODUCT_BUNDLE_IDENTIFIER = com.wizard.ParstagramTests;
				PRODUCT_NAME = "$(TARGET_NAME)";
				SWIFT_VERSION = 5.0;
				TARGETED_DEVICE_FAMILY = "1,2";
				TEST_HOST = "$(BUILT_PRODUCTS_DIR)/Parstagram.app/Parstagram";
			};
			name = Release;
		};
		50EE1EF7254177FD00CDA631 /* Debug */ = {
			isa = XCBuildConfiguration;
			baseConfigurationReference = CC0F44B67A02A34C074960FD /* Pods-Parstagram-ParstagramUITests.debug.xcconfig */;
			buildSettings = {
				ALWAYS_EMBED_SWIFT_STANDARD_LIBRARIES = YES;
				CODE_SIGN_STYLE = Automatic;
				INFOPLIST_FILE = ParstagramUITests/Info.plist;
				LD_RUNPATH_SEARCH_PATHS = (
					"$(inherited)",
					"@executable_path/Frameworks",
					"@loader_path/Frameworks",
				);
				PRODUCT_BUNDLE_IDENTIFIER = com.wizard.ParstagramUITests;
				PRODUCT_NAME = "$(TARGET_NAME)";
				SWIFT_VERSION = 5.0;
				TARGETED_DEVICE_FAMILY = "1,2";
				TEST_TARGET_NAME = Parstagram;
			};
			name = Debug;
		};
		50EE1EF8254177FD00CDA631 /* Release */ = {
			isa = XCBuildConfiguration;
			baseConfigurationReference = 7E6F349EBB50E1EEF927A24C /* Pods-Parstagram-ParstagramUITests.release.xcconfig */;
			buildSettings = {
				ALWAYS_EMBED_SWIFT_STANDARD_LIBRARIES = YES;
				CODE_SIGN_STYLE = Automatic;
				INFOPLIST_FILE = ParstagramUITests/Info.plist;
				LD_RUNPATH_SEARCH_PATHS = (
					"$(inherited)",
					"@executable_path/Frameworks",
					"@loader_path/Frameworks",
				);
				PRODUCT_BUNDLE_IDENTIFIER = com.wizard.ParstagramUITests;
				PRODUCT_NAME = "$(TARGET_NAME)";
				SWIFT_VERSION = 5.0;
				TARGETED_DEVICE_FAMILY = "1,2";
				TEST_TARGET_NAME = Parstagram;
			};
			name = Release;
		};
/* End XCBuildConfiguration section */

/* Begin XCConfigurationList section */
		50EE1EC1254177FA00CDA631 /* Build configuration list for PBXProject "Parstagram" */ = {
			isa = XCConfigurationList;
			buildConfigurations = (
				50EE1EEE254177FD00CDA631 /* Debug */,
				50EE1EEF254177FD00CDA631 /* Release */,
			);
			defaultConfigurationIsVisible = 0;
			defaultConfigurationName = Release;
		};
		50EE1EF0254177FD00CDA631 /* Build configuration list for PBXNativeTarget "Parstagram" */ = {
			isa = XCConfigurationList;
			buildConfigurations = (
				50EE1EF1254177FD00CDA631 /* Debug */,
				50EE1EF2254177FD00CDA631 /* Release */,
			);
			defaultConfigurationIsVisible = 0;
			defaultConfigurationName = Release;
		};
		50EE1EF3254177FD00CDA631 /* Build configuration list for PBXNativeTarget "ParstagramTests" */ = {
			isa = XCConfigurationList;
			buildConfigurations = (
				50EE1EF4254177FD00CDA631 /* Debug */,
				50EE1EF5254177FD00CDA631 /* Release */,
			);
			defaultConfigurationIsVisible = 0;
			defaultConfigurationName = Release;
		};
		50EE1EF6254177FD00CDA631 /* Build configuration list for PBXNativeTarget "ParstagramUITests" */ = {
			isa = XCConfigurationList;
			buildConfigurations = (
				50EE1EF7254177FD00CDA631 /* Debug */,
				50EE1EF8254177FD00CDA631 /* Release */,
			);
			defaultConfigurationIsVisible = 0;
			defaultConfigurationName = Release;
		};
/* End XCConfigurationList section */
	};
	rootObject = 50EE1EBE254177FA00CDA631 /* Project object */;
}
